
Microsoft Visual Studio Solution File, Format Version 12.00
# Visual Studio 15
VisualStudioVersion = 15.0.26430.6
MinimumVisualStudioVersion = 10.0.40219.1
Project("{FAE04EC0-301F-11D3-BF4B-00C04F79EFBC}") = "Livestream.Monitor", "Livestream.Monitor\Livestream.Monitor.csproj", "{16660EA2-733F-4275-8C64-43ABDCCE0AB9}"
EndProject
Project("{2150E333-8FDC-42A3-9474-1A3956D46DE8}") = "SolutionItems", "SolutionItems", "{F4253C96-9A1B-46CE-B0AB-C30916E64CAA}"
	ProjectSection(SolutionItems) = preProject
		GlobalAssemblyInfo.cs = GlobalAssemblyInfo.cs
		README.md = README.md
	EndProjectSection
EndProject
Project("{FAE04EC0-301F-11D3-BF4B-00C04F79EFBC}") = "Livestream.Monitor.Tests", "Livestream.Monitor.Tests\Livestream.Monitor.Tests.csproj", "{9AAF7490-A238-41BB-A0BC-95A5EF84FF0F}"
EndProject
Project("{FAE04EC0-301F-11D3-BF4B-00C04F79EFBC}") = "ExternalAPIs", "ExternalAPIs\ExternalAPIs.csproj", "{A9F4BC70-B71B-45C5-BEAD-CCC866794659}"
EndProject
Project("{FAE04EC0-301F-11D3-BF4B-00C04F79EFBC}") = "ExternalAPIs.Tests", "ExternalAPIs.Tests\ExternalAPIs.Tests.csproj", "{DBECF886-2A7B-48DB-ADFA-E3E342882A16}"
EndProject
Global
	GlobalSection(SolutionConfigurationPlatforms) = preSolution
		Debug|Any CPU = Debug|Any CPU
		Debug|ARM = Debug|ARM
		Debug|x64 = Debug|x64
		Debug|x86 = Debug|x86
		Release|Any CPU = Release|Any CPU
		Release|ARM = Release|ARM
		Release|x64 = Release|x64
		Release|x86 = Release|x86
	EndGlobalSection
	GlobalSection(ProjectConfigurationPlatforms) = postSolution
		{16660EA2-733F-4275-8C64-43ABDCCE0AB9}.Debug|Any CPU.ActiveCfg = Debug|Any CPU
		{16660EA2-733F-4275-8C64-43ABDCCE0AB9}.Debug|Any CPU.Build.0 = Debug|Any CPU
		{16660EA2-733F-4275-8C64-43ABDCCE0AB9}.Debug|ARM.ActiveCfg = Debug|Any CPU
		{16660EA2-733F-4275-8C64-43ABDCCE0AB9}.Debug|ARM.Build.0 = Debug|Any CPU
		{16660EA2-733F-4275-8C64-43ABDCCE0AB9}.Debug|x64.ActiveCfg = Debug|Any CPU
		{16660EA2-733F-4275-8C64-43ABDCCE0AB9}.Debug|x64.Build.0 = Debug|Any CPU
		{16660EA2-733F-4275-8C64-43ABDCCE0AB9}.Debug|x86.ActiveCfg = Debug|Any CPU
		{16660EA2-733F-4275-8C64-43ABDCCE0AB9}.Debug|x86.Build.0 = Debug|Any CPU
		{16660EA2-733F-4275-8C64-43ABDCCE0AB9}.Release|Any CPU.ActiveCfg = Release|Any CPU
		{16660EA2-733F-4275-8C64-43ABDCCE0AB9}.Release|Any CPU.Build.0 = Release|Any CPU
		{16660EA2-733F-4275-8C64-43ABDCCE0AB9}.Release|ARM.ActiveCfg = Release|Any CPU
		{16660EA2-733F-4275-8C64-43ABDCCE0AB9}.Release|ARM.Build.0 = Release|Any CPU
		{16660EA2-733F-4275-8C64-43ABDCCE0AB9}.Release|x64.ActiveCfg = Release|Any CPU
		{16660EA2-733F-4275-8C64-43ABDCCE0AB9}.Release|x64.Build.0 = Release|Any CPU
		{16660EA2-733F-4275-8C64-43ABDCCE0AB9}.Release|x86.ActiveCfg = Release|Any CPU
		{16660EA2-733F-4275-8C64-43ABDCCE0AB9}.Release|x86.Build.0 = Release|Any CPU
		{9AAF7490-A238-41BB-A0BC-95A5EF84FF0F}.Debug|Any CPU.ActiveCfg = Debug|Any CPU
		{9AAF7490-A238-41BB-A0BC-95A5EF84FF0F}.Debug|Any CPU.Build.0 = Debug|Any CPU
		{9AAF7490-A238-41BB-A0BC-95A5EF84FF0F}.Debug|ARM.ActiveCfg = Debug|Any CPU
		{9AAF7490-A238-41BB-A0BC-95A5EF84FF0F}.Debug|ARM.Build.0 = Debug|Any CPU
		{9AAF7490-A238-41BB-A0BC-95A5EF84FF0F}.Debug|x64.ActiveCfg = Debug|Any CPU
		{9AAF7490-A238-41BB-A0BC-95A5EF84FF0F}.Debug|x64.Build.0 = Debug|Any CPU
		{9AAF7490-A238-41BB-A0BC-95A5EF84FF0F}.Debug|x86.ActiveCfg = Debug|Any CPU
		{9AAF7490-A238-41BB-A0BC-95A5EF84FF0F}.Debug|x86.Build.0 = Debug|Any CPU
		{9AAF7490-A238-41BB-A0BC-95A5EF84FF0F}.Release|Any CPU.ActiveCfg = Release|Any CPU
		{9AAF7490-A238-41BB-A0BC-95A5EF84FF0F}.Release|Any CPU.Build.0 = Release|Any CPU
		{9AAF7490-A238-41BB-A0BC-95A5EF84FF0F}.Release|ARM.ActiveCfg = Release|Any CPU
		{9AAF7490-A238-41BB-A0BC-95A5EF84FF0F}.Release|ARM.Build.0 = Release|Any CPU
		{9AAF7490-A238-41BB-A0BC-95A5EF84FF0F}.Release|x64.ActiveCfg = Release|Any CPU
		{9AAF7490-A238-41BB-A0BC-95A5EF84FF0F}.Release|x64.Build.0 = Release|Any CPU
		{9AAF7490-A238-41BB-A0BC-95A5EF84FF0F}.Release|x86.ActiveCfg = Release|Any CPU
		{9AAF7490-A238-41BB-A0BC-95A5EF84FF0F}.Release|x86.Build.0 = Release|Any CPU
		{A9F4BC70-B71B-45C5-BEAD-CCC866794659}.Debug|Any CPU.ActiveCfg = Debug|Any CPU
		{A9F4BC70-B71B-45C5-BEAD-CCC866794659}.Debug|Any CPU.Build.0 = Debug|Any CPU
		{A9F4BC70-B71B-45C5-BEAD-CCC866794659}.Debug|ARM.ActiveCfg = Debug|Any CPU
		{A9F4BC70-B71B-45C5-BEAD-CCC866794659}.Debug|ARM.Build.0 = Debug|Any CPU
		{A9F4BC70-B71B-45C5-BEAD-CCC866794659}.Debug|x64.ActiveCfg = Debug|Any CPU
		{A9F4BC70-B71B-45C5-BEAD-CCC866794659}.Debug|x64.Build.0 = Debug|Any CPU
		{A9F4BC70-B71B-45C5-BEAD-CCC866794659}.Debug|x86.ActiveCfg = Debug|Any CPU
		{A9F4BC70-B71B-45C5-BEAD-CCC866794659}.Debug|x86.Build.0 = Debug|Any CPU
		{A9F4BC70-B71B-45C5-BEAD-CCC866794659}.Release|Any CPU.ActiveCfg = Release|Any CPU
		{A9F4BC70-B71B-45C5-BEAD-CCC866794659}.Release|Any CPU.Build.0 = Release|Any CPU
		{A9F4BC70-B71B-45C5-BEAD-CCC866794659}.Release|ARM.ActiveCfg = Release|Any CPU
		{A9F4BC70-B71B-45C5-BEAD-CCC866794659}.Release|ARM.Build.0 = Release|Any CPU
		{A9F4BC70-B71B-45C5-BEAD-CCC866794659}.Release|x64.ActiveCfg = Release|Any CPU
		{A9F4BC70-B71B-45C5-BEAD-CCC866794659}.Release|x64.Build.0 = Release|Any CPU
		{A9F4BC70-B71B-45C5-BEAD-CCC866794659}.Release|x86.ActiveCfg = Release|Any CPU
		{A9F4BC70-B71B-45C5-BEAD-CCC866794659}.Release|x86.Build.0 = Release|Any CPU
		{DBECF886-2A7B-48DB-ADFA-E3E342882A16}.Debug|Any CPU.ActiveCfg = Debug|Any CPU
		{DBECF886-2A7B-48DB-ADFA-E3E342882A16}.Debug|Any CPU.Build.0 = Debug|Any CPU
		{DBECF886-2A7B-48DB-ADFA-E3E342882A16}.Debug|ARM.ActiveCfg = Debug|Any CPU
		{DBECF886-2A7B-48DB-ADFA-E3E342882A16}.Debug|ARM.Build.0 = Debug|Any CPU
		{DBECF886-2A7B-48DB-ADFA-E3E342882A16}.Debug|x64.ActiveCfg = Debug|Any CPU
		{DBECF886-2A7B-48DB-ADFA-E3E342882A16}.Debug|x64.Build.0 = Debug|Any CPU
		{DBECF886-2A7B-48DB-ADFA-E3E342882A16}.Debug|x86.ActiveCfg = Debug|Any CPU
		{DBECF886-2A7B-48DB-ADFA-E3E342882A16}.Debug|x86.Build.0 = Debug|Any CPU
		{DBECF886-2A7B-48DB-ADFA-E3E342882A16}.Release|Any CPU.ActiveCfg = Release|Any CPU
		{DBECF886-2A7B-48DB-ADFA-E3E342882A16}.Release|Any CPU.Build.0 = Release|Any CPU
		{DBECF886-2A7B-48DB-ADFA-E3E342882A16}.Release|ARM.ActiveCfg = Release|Any CPU
		{DBECF886-2A7B-48DB-ADFA-E3E342882A16}.Release|ARM.Build.0 = Release|Any CPU
		{DBECF886-2A7B-48DB-ADFA-E3E342882A16}.Release|x64.ActiveCfg = Release|Any CPU
		{DBECF886-2A7B-48DB-ADFA-E3E342882A16}.Release|x64.Build.0 = Release|Any CPU
		{DBECF886-2A7B-48DB-ADFA-E3E342882A16}.Release|x86.ActiveCfg = Release|Any CPU
		{DBECF886-2A7B-48DB-ADFA-E3E342882A16}.Release|x86.Build.0 = Release|Any CPU
	EndGlobalSection
	GlobalSection(SolutionProperties) = preSolution
		HideSolutionNode = FALSE
	EndGlobalSection
EndGlobal
